
Microsoft Visual Studio Solution File, Format Version 12.00
# Visual Studio Version 17
VisualStudioVersion = 17.7.34031.279
MinimumVisualStudioVersion = 10.0.40219.1
Project("{FAE04EC0-301F-11D3-BF4B-00C04F79EFBC}") = "WebShop1", "WebShop1.csproj", "{F51093C8-DAE3-47B9-B9E5-4CC27118CF70}"
EndProject
Global
	GlobalSection(SolutionConfigurationPlatforms) = preSolution
		Debug|Any CPU = Debug|Any CPU
		Release|Any CPU = Release|Any CPU
	EndGlobalSection
	GlobalSection(ProjectConfigurationPlatforms) = postSolution
		{F51093C8-DAE3-47B9-B9E5-4CC27118CF70}.Debug|Any CPU.ActiveCfg = Debug|Any CPU
		{F51093C8-DAE3-47B9-B9E5-4CC27118CF70}.Debug|Any CPU.Build.0 = Debug|Any CPU
		{F51093C8-DAE3-47B9-B9E5-4CC27118CF70}.Release|Any CPU.ActiveCfg = Release|Any CPU
		{F51093C8-DAE3-47B9-B9E5-4CC27118CF70}.Release|Any CPU.Build.0 = Release|Any CPU
	EndGlobalSection
	GlobalSection(SolutionProperties) = preSolution
		HideSolutionNode = FALSE
	EndGlobalSection
	GlobalSection(ExtensibilityGlobals) = postSolution
		SolutionGuid = {1C4A6A12-48D7-43D3-AAB0-0DC1B4628E28}
	EndGlobalSection
EndGlobal
